
Microsoft Visual Studio Solution File, Format Version 12.00
# Visual Studio 15
VisualStudioVersion = 15.0.28307.1209
MinimumVisualStudioVersion = 10.0.40219.1
Project("{FAE04EC0-301F-11D3-BF4B-00C04F79EFBC}") = "StringSimilaridade", "StringSimilaridade\StringSimilaridade.csproj", "{608C4BFD-1B71-4F14-A73F-74DC62E114C2}"
EndProject
Project("{FAE04EC0-301F-11D3-BF4B-00C04F79EFBC}") = "StringSimilaridadeCsharp", "StringSimilaridadeCsharp\StringSimilaridadeCsharp.csproj", "{D0CB3251-B0D2-45EA-A3B1-107AE0B64968}"
EndProject
Global
	GlobalSection(SolutionConfigurationPlatforms) = preSolution
		Debug|Any CPU = Debug|Any CPU
		Release|Any CPU = Release|Any CPU
	EndGlobalSection
	GlobalSection(ProjectConfigurationPlatforms) = postSolution
		{608C4BFD-1B71-4F14-A73F-74DC62E114C2}.Debug|Any CPU.ActiveCfg = Debug|Any CPU
		{608C4BFD-1B71-4F14-A73F-74DC62E114C2}.Debug|Any CPU.Build.0 = Debug|Any CPU
		{608C4BFD-1B71-4F14-A73F-74DC62E114C2}.Release|Any CPU.ActiveCfg = Release|Any CPU
		{608C4BFD-1B71-4F14-A73F-74DC62E114C2}.Release|Any CPU.Build.0 = Release|Any CPU
		{D0CB3251-B0D2-45EA-A3B1-107AE0B64968}.Debug|Any CPU.ActiveCfg = Debug|Any CPU
		{D0CB3251-B0D2-45EA-A3B1-107AE0B64968}.Debug|Any CPU.Build.0 = Debug|Any CPU
		{D0CB3251-B0D2-45EA-A3B1-107AE0B64968}.Release|Any CPU.ActiveCfg = Release|Any CPU
		{D0CB3251-B0D2-45EA-A3B1-107AE0B64968}.Release|Any CPU.Build.0 = Release|Any CPU
	EndGlobalSection
	GlobalSection(SolutionProperties) = preSolution
		HideSolutionNode = FALSE
	EndGlobalSection
	GlobalSection(ExtensibilityGlobals) = postSolution
		SolutionGuid = {8F485082-F88E-431E-B1B8-15369759DAE9}
	EndGlobalSection
EndGlobal
